
Microsoft Visual Studio Solution File, Format Version 12.00
# Visual Studio 15
VisualStudioVersion = 15.0.33026.149
MinimumVisualStudioVersion = 10.0.40219.1
Project("{FAE04EC0-301F-11D3-BF4B-00C04F79EFBC}") = "CURDApp", "CURDApp\CURDApp.csproj", "{31959FCD-A8A0-43AC-8C00-9FB6C55DD5A9}"
EndProject
Global
	GlobalSection(SolutionConfigurationPlatforms) = preSolution
		Debug|Any CPU = Debug|Any CPU
		Release|Any CPU = Release|Any CPU
	EndGlobalSection
	GlobalSection(ProjectConfigurationPlatforms) = postSolution
		{31959FCD-A8A0-43AC-8C00-9FB6C55DD5A9}.Debug|Any CPU.ActiveCfg = Debug|Any CPU
		{31959FCD-A8A0-43AC-8C00-9FB6C55DD5A9}.Debug|Any CPU.Build.0 = Debug|Any CPU
		{31959FCD-A8A0-43AC-8C00-9FB6C55DD5A9}.Release|Any CPU.ActiveCfg = Release|Any CPU
		{31959FCD-A8A0-43AC-8C00-9FB6C55DD5A9}.Release|Any CPU.Build.0 = Release|Any CPU
	EndGlobalSection
	GlobalSection(SolutionProperties) = preSolution
		HideSolutionNode = FALSE
	EndGlobalSection
	GlobalSection(ExtensibilityGlobals) = postSolution
		SolutionGuid = {226431BF-D0F7-446B-84CA-E5B4A0428625}
	EndGlobalSection
EndGlobal
